
Microsoft Visual Studio Solution File, Format Version 12.00
# Visual Studio Version 17
VisualStudioVersion = 17.5.002.0
MinimumVisualStudioVersion = 10.0.40219.1
Project("{2150E333-8FDC-42A3-9474-1A3956D46DE8}") = "Isprog", "Isprog", "{122F5158-A928-42FE-8219-3EDD738C9A59}"
EndProject
Project("{9A19103F-16F7-4668-BE54-9A1E7A4F7556}") = "001-prvni-program", "Isprog\001-prvni-program\001-prvni-program.csproj", "{549DEDFC-F004-49A3-8C11-A266BD876E1E}"
EndProject
Global
	GlobalSection(SolutionConfigurationPlatforms) = preSolution
		Debug|Any CPU = Debug|Any CPU
		Release|Any CPU = Release|Any CPU
	EndGlobalSection
	GlobalSection(ProjectConfigurationPlatforms) = postSolution
		{549DEDFC-F004-49A3-8C11-A266BD876E1E}.Debug|Any CPU.ActiveCfg = Debug|Any CPU
		{549DEDFC-F004-49A3-8C11-A266BD876E1E}.Debug|Any CPU.Build.0 = Debug|Any CPU
		{549DEDFC-F004-49A3-8C11-A266BD876E1E}.Release|Any CPU.ActiveCfg = Release|Any CPU
		{549DEDFC-F004-49A3-8C11-A266BD876E1E}.Release|Any CPU.Build.0 = Release|Any CPU
	EndGlobalSection
	GlobalSection(SolutionProperties) = preSolution
		HideSolutionNode = FALSE
	EndGlobalSection
	GlobalSection(NestedProjects) = preSolution
		{549DEDFC-F004-49A3-8C11-A266BD876E1E} = {122F5158-A928-42FE-8219-3EDD738C9A59}
	EndGlobalSection
	GlobalSection(ExtensibilityGlobals) = postSolution
		SolutionGuid = {4F996453-6EBF-436A-8920-D574526C798C}
	EndGlobalSection
EndGlobal
